
Microsoft Visual Studio Solution File, Format Version 12.00
# Visual Studio Version 17
VisualStudioVersion = 17.8.34330.188
MinimumVisualStudioVersion = 10.0.40219.1
Project("{FAE04EC0-301F-11D3-BF4B-00C04F79EFBC}") = "tablica dwuwymiarowa", "tablica dwuwymiarowa\tablica dwuwymiarowa.csproj", "{4844C735-C450-4251-BFAA-A1604B386939}"
EndProject
Project("{FAE04EC0-301F-11D3-BF4B-00C04F79EFBC}") = "Matrix", "Matrix\Matrix.csproj", "{D40FE640-278E-4EDF-A572-4F21409990EA}"
EndProject
Global
	GlobalSection(SolutionConfigurationPlatforms) = preSolution
		Debug|Any CPU = Debug|Any CPU
		Release|Any CPU = Release|Any CPU
	EndGlobalSection
	GlobalSection(ProjectConfigurationPlatforms) = postSolution
		{4844C735-C450-4251-BFAA-A1604B386939}.Debug|Any CPU.ActiveCfg = Debug|Any CPU
		{4844C735-C450-4251-BFAA-A1604B386939}.Debug|Any CPU.Build.0 = Debug|Any CPU
		{4844C735-C450-4251-BFAA-A1604B386939}.Release|Any CPU.ActiveCfg = Release|Any CPU
		{4844C735-C450-4251-BFAA-A1604B386939}.Release|Any CPU.Build.0 = Release|Any CPU
		{D40FE640-278E-4EDF-A572-4F21409990EA}.Debug|Any CPU.ActiveCfg = Debug|Any CPU
		{D40FE640-278E-4EDF-A572-4F21409990EA}.Debug|Any CPU.Build.0 = Debug|Any CPU
		{D40FE640-278E-4EDF-A572-4F21409990EA}.Release|Any CPU.ActiveCfg = Release|Any CPU
		{D40FE640-278E-4EDF-A572-4F21409990EA}.Release|Any CPU.Build.0 = Release|Any CPU
	EndGlobalSection
	GlobalSection(SolutionProperties) = preSolution
		HideSolutionNode = FALSE
	EndGlobalSection
	GlobalSection(ExtensibilityGlobals) = postSolution
		SolutionGuid = {2D682197-6FC7-4D46-A09E-9FD80C6E4B22}
	EndGlobalSection
EndGlobal
